
Microsoft Visual Studio Solution File, Format Version 12.00
# Visual Studio 14
VisualStudioVersion = 14.0.25420.1
MinimumVisualStudioVersion = 10.0.40219.1
Project("{FAE04EC0-301F-11D3-BF4B-00C04F79EFBC}") = "Radovan.Plugin.UWP", "Radovan\Radovan.Plugin.UWP\Radovan.Plugin.UWP.csproj", "{238E0DAB-A815-4431-B3C7-8B933B961AB5}"
EndProject
Project("{FAE04EC0-301F-11D3-BF4B-00C04F79EFBC}") = "Radovan.Plugin.Android", "Radovan\Radovan.Plugin.Android\Radovan.Plugin.Android.csproj", "{AD2D2DB4-E781-4CF1-9B62-3AAD264F196D}"
EndProject
Project("{FAE04EC0-301F-11D3-BF4B-00C04F79EFBC}") = "Radovan.Plugin.iOS", "Radovan\Radovan.Plugin.iOS\Radovan.Plugin.iOS.csproj", "{D525F236-6A2D-4010-B1CC-4A4B8581C90B}"
EndProject
Project("{2150E333-8FDC-42A3-9474-1A3956D46DE8}") = "Samples", "Samples", "{F8AEFABC-D187-4DEA-834E-16CCD6ACF2B8}"
EndProject
Project("{2150E333-8FDC-42A3-9474-1A3956D46DE8}") = "Nuget", "Nuget", "{DD6FE84F-DE84-43CB-8BD7-E047AF8EB1B9}"
	ProjectSection(SolutionItems) = preProject
		Radovan\Nuget\BuildNuget.bat = Radovan\Nuget\BuildNuget.bat
		Radovan\Nuget\Radovan.Plugin.nuspec = Radovan\Nuget\Radovan.Plugin.nuspec
	EndProjectSection
EndProject
Project("{2150E333-8FDC-42A3-9474-1A3956D46DE8}") = "Controls", "Controls", "{8070FDB5-93AF-41B3-A4CE-549764C1311D}"
EndProject
Project("{FAE04EC0-301F-11D3-BF4B-00C04F79EFBC}") = "Radovan.Plugin.Core", "Radovan.Plugin.Core\Radovan.Plugin.Core.csproj", "{C8E237FA-C4AA-4BAD-927B-08AE2CF7E9A5}"
EndProject
Project("{FAE04EC0-301F-11D3-BF4B-00C04F79EFBC}") = "Radovan.Plugin.Abstractions", "Radovan.Plugin.Abstractions\Radovan.Plugin.Abstractions.csproj", "{6BD6F2F2-61BD-43B5-82FB-35A3F8E770B7}"
EndProject
Project("{FAE04EC0-301F-11D3-BF4B-00C04F79EFBC}") = "Playground.Android", "Samples\Playground.Android\Playground.Android.csproj", "{65CD5876-008A-4785-A496-685E97DF2332}"
EndProject
Project("{FAE04EC0-301F-11D3-BF4B-00C04F79EFBC}") = "Playground.iOS", "Samples\Playground.iOS\Playground.iOS.csproj", "{947B95CA-E274-4900-8B1A-76B2DEA07592}"
EndProject
Project("{FAE04EC0-301F-11D3-BF4B-00C04F79EFBC}") = "Playground", "Samples\Playground\Playground.csproj", "{15AC5A3E-871C-4C64-823B-A613A86BD835}"
EndProject
Global
	GlobalSection(SolutionConfigurationPlatforms) = preSolution
		Ad-Hoc|Any CPU = Ad-Hoc|Any CPU
		Ad-Hoc|ARM = Ad-Hoc|ARM
		Ad-Hoc|iPhone = Ad-Hoc|iPhone
		Ad-Hoc|iPhoneSimulator = Ad-Hoc|iPhoneSimulator
		Ad-Hoc|x64 = Ad-Hoc|x64
		Ad-Hoc|x86 = Ad-Hoc|x86
		AppStore|Any CPU = AppStore|Any CPU
		AppStore|ARM = AppStore|ARM
		AppStore|iPhone = AppStore|iPhone
		AppStore|iPhoneSimulator = AppStore|iPhoneSimulator
		AppStore|x64 = AppStore|x64
		AppStore|x86 = AppStore|x86
		Debug|Any CPU = Debug|Any CPU
		Debug|ARM = Debug|ARM
		Debug|iPhone = Debug|iPhone
		Debug|iPhoneSimulator = Debug|iPhoneSimulator
		Debug|x64 = Debug|x64
		Debug|x86 = Debug|x86
		Release|Any CPU = Release|Any CPU
		Release|ARM = Release|ARM
		Release|iPhone = Release|iPhone
		Release|iPhoneSimulator = Release|iPhoneSimulator
		Release|x64 = Release|x64
		Release|x86 = Release|x86
	EndGlobalSection
	GlobalSection(ProjectConfigurationPlatforms) = postSolution
		{238E0DAB-A815-4431-B3C7-8B933B961AB5}.Ad-Hoc|Any CPU.ActiveCfg = Release|Any CPU
		{238E0DAB-A815-4431-B3C7-8B933B961AB5}.Ad-Hoc|Any CPU.Build.0 = Release|Any CPU
		{238E0DAB-A815-4431-B3C7-8B933B961AB5}.Ad-Hoc|ARM.ActiveCfg = Release|ARM
		{238E0DAB-A815-4431-B3C7-8B933B961AB5}.Ad-Hoc|ARM.Build.0 = Release|ARM
		{238E0DAB-A815-4431-B3C7-8B933B961AB5}.Ad-Hoc|iPhone.ActiveCfg = Release|Any CPU
		{238E0DAB-A815-4431-B3C7-8B933B961AB5}.Ad-Hoc|iPhone.Build.0 = Release|Any CPU
		{238E0DAB-A815-4431-B3C7-8B933B961AB5}.Ad-Hoc|iPhoneSimulator.ActiveCfg = Release|Any CPU
		{238E0DAB-A815-4431-B3C7-8B933B961AB5}.Ad-Hoc|iPhoneSimulator.Build.0 = Release|Any CPU
		{238E0DAB-A815-4431-B3C7-8B933B961AB5}.Ad-Hoc|x64.ActiveCfg = Release|x64
		{238E0DAB-A815-4431-B3C7-8B933B961AB5}.Ad-Hoc|x64.Build.0 = Release|x64
		{238E0DAB-A815-4431-B3C7-8B933B961AB5}.Ad-Hoc|x86.ActiveCfg = Release|x86
		{238E0DAB-A815-4431-B3C7-8B933B961AB5}.Ad-Hoc|x86.Build.0 = Release|x86
		{238E0DAB-A815-4431-B3C7-8B933B961AB5}.AppStore|Any CPU.ActiveCfg = Release|Any CPU
		{238E0DAB-A815-4431-B3C7-8B933B961AB5}.AppStore|Any CPU.Build.0 = Release|Any CPU
		{238E0DAB-A815-4431-B3C7-8B933B961AB5}.AppStore|ARM.ActiveCfg = Release|ARM
		{238E0DAB-A815-4431-B3C7-8B933B961AB5}.AppStore|ARM.Build.0 = Release|ARM
		{238E0DAB-A815-4431-B3C7-8B933B961AB5}.AppStore|iPhone.ActiveCfg = Release|Any CPU
		{238E0DAB-A815-4431-B3C7-8B933B961AB5}.AppStore|iPhone.Build.0 = Release|Any CPU
		{238E0DAB-A815-4431-B3C7-8B933B961AB5}.AppStore|iPhoneSimulator.ActiveCfg = Release|Any CPU
		{238E0DAB-A815-4431-B3C7-8B933B961AB5}.AppStore|iPhoneSimulator.Build.0 = Release|Any CPU
		{238E0DAB-A815-4431-B3C7-8B933B961AB5}.AppStore|x64.ActiveCfg = Release|x64
		{238E0DAB-A815-4431-B3C7-8B933B961AB5}.AppStore|x64.Build.0 = Release|x64
		{238E0DAB-A815-4431-B3C7-8B933B961AB5}.AppStore|x86.ActiveCfg = Release|x86
		{238E0DAB-A815-4431-B3C7-8B933B961AB5}.AppStore|x86.Build.0 = Release|x86
		{238E0DAB-A815-4431-B3C7-8B933B961AB5}.Debug|Any CPU.ActiveCfg = Debug|Any CPU
		{238E0DAB-A815-4431-B3C7-8B933B961AB5}.Debug|Any CPU.Build.0 = Debug|Any CPU
		{238E0DAB-A815-4431-B3C7-8B933B961AB5}.Debug|ARM.ActiveCfg = Debug|ARM
		{238E0DAB-A815-4431-B3C7-8B933B961AB5}.Debug|ARM.Build.0 = Debug|ARM
		{238E0DAB-A815-4431-B3C7-8B933B961AB5}.Debug|iPhone.ActiveCfg = Debug|Any CPU
		{238E0DAB-A815-4431-B3C7-8B933B961AB5}.Debug|iPhone.Build.0 = Debug|Any CPU
		{238E0DAB-A815-4431-B3C7-8B933B961AB5}.Debug|iPhoneSimulator.ActiveCfg = Debug|Any CPU
		{238E0DAB-A815-4431-B3C7-8B933B961AB5}.Debug|iPhoneSimulator.Build.0 = Debug|Any CPU
		{238E0DAB-A815-4431-B3C7-8B933B961AB5}.Debug|x64.ActiveCfg = Debug|x64
		{238E0DAB-A815-4431-B3C7-8B933B961AB5}.Debug|x64.Build.0 = Debug|x64
		{238E0DAB-A815-4431-B3C7-8B933B961AB5}.Debug|x86.ActiveCfg = Debug|x86
		{238E0DAB-A815-4431-B3C7-8B933B961AB5}.Debug|x86.Build.0 = Debug|x86
		{238E0DAB-A815-4431-B3C7-8B933B961AB5}.Release|Any CPU.ActiveCfg = Release|Any CPU
		{238E0DAB-A815-4431-B3C7-8B933B961AB5}.Release|Any CPU.Build.0 = Release|Any CPU
		{238E0DAB-A815-4431-B3C7-8B933B961AB5}.Release|ARM.ActiveCfg = Release|ARM
		{238E0DAB-A815-4431-B3C7-8B933B961AB5}.Release|ARM.Build.0 = Release|ARM
		{238E0DAB-A815-4431-B3C7-8B933B961AB5}.Release|iPhone.ActiveCfg = Release|Any CPU
		{238E0DAB-A815-4431-B3C7-8B933B961AB5}.Release|iPhone.Build.0 = Release|Any CPU
		{238E0DAB-A815-4431-B3C7-8B933B961AB5}.Release|iPhoneSimulator.ActiveCfg = Release|Any CPU
		{238E0DAB-A815-4431-B3C7-8B933B961AB5}.Release|iPhoneSimulator.Build.0 = Release|Any CPU
		{238E0DAB-A815-4431-B3C7-8B933B961AB5}.Release|x64.ActiveCfg = Release|x64
		{238E0DAB-A815-4431-B3C7-8B933B961AB5}.Release|x64.Build.0 = Release|x64
		{238E0DAB-A815-4431-B3C7-8B933B961AB5}.Release|x86.ActiveCfg = Release|x86
		{238E0DAB-A815-4431-B3C7-8B933B961AB5}.Release|x86.Build.0 = Release|x86
		{AD2D2DB4-E781-4CF1-9B62-3AAD264F196D}.Ad-Hoc|Any CPU.ActiveCfg = Release|Any CPU
		{AD2D2DB4-E781-4CF1-9B62-3AAD264F196D}.Ad-Hoc|Any CPU.Build.0 = Release|Any CPU
		{AD2D2DB4-E781-4CF1-9B62-3AAD264F196D}.Ad-Hoc|ARM.ActiveCfg = Release|Any CPU
		{AD2D2DB4-E781-4CF1-9B62-3AAD264F196D}.Ad-Hoc|ARM.Build.0 = Release|Any CPU
		{AD2D2DB4-E781-4CF1-9B62-3AAD264F196D}.Ad-Hoc|iPhone.ActiveCfg = Release|Any CPU
		{AD2D2DB4-E781-4CF1-9B62-3AAD264F196D}.Ad-Hoc|iPhone.Build.0 = Release|Any CPU
		{AD2D2DB4-E781-4CF1-9B62-3AAD264F196D}.Ad-Hoc|iPhoneSimulator.ActiveCfg = Release|Any CPU
		{AD2D2DB4-E781-4CF1-9B62-3AAD264F196D}.Ad-Hoc|iPhoneSimulator.Build.0 = Release|Any CPU
		{AD2D2DB4-E781-4CF1-9B62-3AAD264F196D}.Ad-Hoc|x64.ActiveCfg = Release|Any CPU
		{AD2D2DB4-E781-4CF1-9B62-3AAD264F196D}.Ad-Hoc|x64.Build.0 = Release|Any CPU
		{AD2D2DB4-E781-4CF1-9B62-3AAD264F196D}.Ad-Hoc|x86.ActiveCfg = Release|Any CPU
		{AD2D2DB4-E781-4CF1-9B62-3AAD264F196D}.Ad-Hoc|x86.Build.0 = Release|Any CPU
		{AD2D2DB4-E781-4CF1-9B62-3AAD264F196D}.AppStore|Any CPU.ActiveCfg = Release|Any CPU
		{AD2D2DB4-E781-4CF1-9B62-3AAD264F196D}.AppStore|Any CPU.Build.0 = Release|Any CPU
		{AD2D2DB4-E781-4CF1-9B62-3AAD264F196D}.AppStore|ARM.ActiveCfg = Release|Any CPU
		{AD2D2DB4-E781-4CF1-9B62-3AAD264F196D}.AppStore|ARM.Build.0 = Release|Any CPU
		{AD2D2DB4-E781-4CF1-9B62-3AAD264F196D}.AppStore|iPhone.ActiveCfg = Release|Any CPU
		{AD2D2DB4-E781-4CF1-9B62-3AAD264F196D}.AppStore|iPhone.Build.0 = Release|Any CPU
		{AD2D2DB4-E781-4CF1-9B62-3AAD264F196D}.AppStore|iPhoneSimulator.ActiveCfg = Release|Any CPU
		{AD2D2DB4-E781-4CF1-9B62-3AAD264F196D}.AppStore|iPhoneSimulator.Build.0 = Release|Any CPU
		{AD2D2DB4-E781-4CF1-9B62-3AAD264F196D}.AppStore|x64.ActiveCfg = Release|Any CPU
		{AD2D2DB4-E781-4CF1-9B62-3AAD264F196D}.AppStore|x64.Build.0 = Release|Any CPU
		{AD2D2DB4-E781-4CF1-9B62-3AAD264F196D}.AppStore|x86.ActiveCfg = Release|Any CPU
		{AD2D2DB4-E781-4CF1-9B62-3AAD264F196D}.AppStore|x86.Build.0 = Release|Any CPU
		{AD2D2DB4-E781-4CF1-9B62-3AAD264F196D}.Debug|Any CPU.ActiveCfg = Debug|Any CPU
		{AD2D2DB4-E781-4CF1-9B62-3AAD264F196D}.Debug|Any CPU.Build.0 = Debug|Any CPU
		{AD2D2DB4-E781-4CF1-9B62-3AAD264F196D}.Debug|ARM.ActiveCfg = Debug|Any CPU
		{AD2D2DB4-E781-4CF1-9B62-3AAD264F196D}.Debug|ARM.Build.0 = Debug|Any CPU
		{AD2D2DB4-E781-4CF1-9B62-3AAD264F196D}.Debug|iPhone.ActiveCfg = Debug|Any CPU
		{AD2D2DB4-E781-4CF1-9B62-3AAD264F196D}.Debug|iPhone.Build.0 = Debug|Any CPU
		{AD2D2DB4-E781-4CF1-9B62-3AAD264F196D}.Debug|iPhoneSimulator.ActiveCfg = Debug|Any CPU
		{AD2D2DB4-E781-4CF1-9B62-3AAD264F196D}.Debug|iPhoneSimulator.Build.0 = Debug|Any CPU
		{AD2D2DB4-E781-4CF1-9B62-3AAD264F196D}.Debug|x64.ActiveCfg = Debug|Any CPU
		{AD2D2DB4-E781-4CF1-9B62-3AAD264F196D}.Debug|x64.Build.0 = Debug|Any CPU
		{AD2D2DB4-E781-4CF1-9B62-3AAD264F196D}.Debug|x86.ActiveCfg = Debug|Any CPU
		{AD2D2DB4-E781-4CF1-9B62-3AAD264F196D}.Debug|x86.Build.0 = Debug|Any CPU
		{AD2D2DB4-E781-4CF1-9B62-3AAD264F196D}.Release|Any CPU.ActiveCfg = Release|Any CPU
		{AD2D2DB4-E781-4CF1-9B62-3AAD264F196D}.Release|Any CPU.Build.0 = Release|Any CPU
		{AD2D2DB4-E781-4CF1-9B62-3AAD264F196D}.Release|ARM.ActiveCfg = Release|Any CPU
		{AD2D2DB4-E781-4CF1-9B62-3AAD264F196D}.Release|ARM.Build.0 = Release|Any CPU
		{AD2D2DB4-E781-4CF1-9B62-3AAD264F196D}.Release|iPhone.ActiveCfg = Release|Any CPU
		{AD2D2DB4-E781-4CF1-9B62-3AAD264F196D}.Release|iPhone.Build.0 = Release|Any CPU
		{AD2D2DB4-E781-4CF1-9B62-3AAD264F196D}.Release|iPhoneSimulator.ActiveCfg = Release|Any CPU
		{AD2D2DB4-E781-4CF1-9B62-3AAD264F196D}.Release|iPhoneSimulator.Build.0 = Release|Any CPU
		{AD2D2DB4-E781-4CF1-9B62-3AAD264F196D}.Release|x64.ActiveCfg = Release|Any CPU
		{AD2D2DB4-E781-4CF1-9B62-3AAD264F196D}.Release|x64.Build.0 = Release|Any CPU
		{AD2D2DB4-E781-4CF1-9B62-3AAD264F196D}.Release|x86.ActiveCfg = Release|Any CPU
		{AD2D2DB4-E781-4CF1-9B62-3AAD264F196D}.Release|x86.Build.0 = Release|Any CPU
		{D525F236-6A2D-4010-B1CC-4A4B8581C90B}.Ad-Hoc|Any CPU.ActiveCfg = Release|Any CPU
		{D525F236-6A2D-4010-B1CC-4A4B8581C90B}.Ad-Hoc|Any CPU.Build.0 = Release|Any CPU
		{D525F236-6A2D-4010-B1CC-4A4B8581C90B}.Ad-Hoc|ARM.ActiveCfg = Release|Any CPU
		{D525F236-6A2D-4010-B1CC-4A4B8581C90B}.Ad-Hoc|ARM.Build.0 = Release|Any CPU
		{D525F236-6A2D-4010-B1CC-4A4B8581C90B}.Ad-Hoc|iPhone.ActiveCfg = Release|Any CPU
		{D525F236-6A2D-4010-B1CC-4A4B8581C90B}.Ad-Hoc|iPhone.Build.0 = Release|Any CPU
		{D525F236-6A2D-4010-B1CC-4A4B8581C90B}.Ad-Hoc|iPhoneSimulator.ActiveCfg = Release|Any CPU
		{D525F236-6A2D-4010-B1CC-4A4B8581C90B}.Ad-Hoc|iPhoneSimulator.Build.0 = Release|Any CPU
		{D525F236-6A2D-4010-B1CC-4A4B8581C90B}.Ad-Hoc|x64.ActiveCfg = Release|Any CPU
		{D525F236-6A2D-4010-B1CC-4A4B8581C90B}.Ad-Hoc|x64.Build.0 = Release|Any CPU
		{D525F236-6A2D-4010-B1CC-4A4B8581C90B}.Ad-Hoc|x86.ActiveCfg = Release|Any CPU
		{D525F236-6A2D-4010-B1CC-4A4B8581C90B}.Ad-Hoc|x86.Build.0 = Release|Any CPU
		{D525F236-6A2D-4010-B1CC-4A4B8581C90B}.AppStore|Any CPU.ActiveCfg = Release|Any CPU
		{D525F236-6A2D-4010-B1CC-4A4B8581C90B}.AppStore|Any CPU.Build.0 = Release|Any CPU
		{D525F236-6A2D-4010-B1CC-4A4B8581C90B}.AppStore|ARM.ActiveCfg = Release|Any CPU
		{D525F236-6A2D-4010-B1CC-4A4B8581C90B}.AppStore|ARM.Build.0 = Release|Any CPU
		{D525F236-6A2D-4010-B1CC-4A4B8581C90B}.AppStore|iPhone.ActiveCfg = Release|Any CPU
		{D525F236-6A2D-4010-B1CC-4A4B8581C90B}.AppStore|iPhone.Build.0 = Release|Any CPU
		{D525F236-6A2D-4010-B1CC-4A4B8581C90B}.AppStore|iPhoneSimulator.ActiveCfg = Release|Any CPU
		{D525F236-6A2D-4010-B1CC-4A4B8581C90B}.AppStore|iPhoneSimulator.Build.0 = Release|Any CPU
		{D525F236-6A2D-4010-B1CC-4A4B8581C90B}.AppStore|x64.ActiveCfg = Release|Any CPU
		{D525F236-6A2D-4010-B1CC-4A4B8581C90B}.AppStore|x64.Build.0 = Release|Any CPU
		{D525F236-6A2D-4010-B1CC-4A4B8581C90B}.AppStore|x86.ActiveCfg = Release|Any CPU
		{D525F236-6A2D-4010-B1CC-4A4B8581C90B}.AppStore|x86.Build.0 = Release|Any CPU
		{D525F236-6A2D-4010-B1CC-4A4B8581C90B}.Debug|Any CPU.ActiveCfg = Debug|Any CPU
		{D525F236-6A2D-4010-B1CC-4A4B8581C90B}.Debug|Any CPU.Build.0 = Debug|Any CPU
		{D525F236-6A2D-4010-B1CC-4A4B8581C90B}.Debug|ARM.ActiveCfg = Debug|Any CPU
		{D525F236-6A2D-4010-B1CC-4A4B8581C90B}.Debug|ARM.Build.0 = Debug|Any CPU
		{D525F236-6A2D-4010-B1CC-4A4B8581C90B}.Debug|iPhone.ActiveCfg = Debug|Any CPU
		{D525F236-6A2D-4010-B1CC-4A4B8581C90B}.Debug|iPhone.Build.0 = Debug|Any CPU
		{D525F236-6A2D-4010-B1CC-4A4B8581C90B}.Debug|iPhoneSimulator.ActiveCfg = Debug|Any CPU
		{D525F236-6A2D-4010-B1CC-4A4B8581C90B}.Debug|iPhoneSimulator.Build.0 = Debug|Any CPU
		{D525F236-6A2D-4010-B1CC-4A4B8581C90B}.Debug|x64.ActiveCfg = Debug|Any CPU
		{D525F236-6A2D-4010-B1CC-4A4B8581C90B}.Debug|x64.Build.0 = Debug|Any CPU
		{D525F236-6A2D-4010-B1CC-4A4B8581C90B}.Debug|x86.ActiveCfg = Debug|Any CPU
		{D525F236-6A2D-4010-B1CC-4A4B8581C90B}.Debug|x86.Build.0 = Debug|Any CPU
		{D525F236-6A2D-4010-B1CC-4A4B8581C90B}.Release|Any CPU.ActiveCfg = Release|Any CPU
		{D525F236-6A2D-4010-B1CC-4A4B8581C90B}.Release|Any CPU.Build.0 = Release|Any CPU
		{D525F236-6A2D-4010-B1CC-4A4B8581C90B}.Release|ARM.ActiveCfg = Release|Any CPU
		{D525F236-6A2D-4010-B1CC-4A4B8581C90B}.Release|ARM.Build.0 = Release|Any CPU
		{D525F236-6A2D-4010-B1CC-4A4B8581C90B}.Release|iPhone.ActiveCfg = Release|Any CPU
		{D525F236-6A2D-4010-B1CC-4A4B8581C90B}.Release|iPhone.Build.0 = Release|Any CPU
		{D525F236-6A2D-4010-B1CC-4A4B8581C90B}.Release|iPhoneSimulator.ActiveCfg = Release|Any CPU
		{D525F236-6A2D-4010-B1CC-4A4B8581C90B}.Release|iPhoneSimulator.Build.0 = Release|Any CPU
		{D525F236-6A2D-4010-B1CC-4A4B8581C90B}.Release|x64.ActiveCfg = Release|Any CPU
		{D525F236-6A2D-4010-B1CC-4A4B8581C90B}.Release|x64.Build.0 = Release|Any CPU
		{D525F236-6A2D-4010-B1CC-4A4B8581C90B}.Release|x86.ActiveCfg = Release|Any CPU
		{D525F236-6A2D-4010-B1CC-4A4B8581C90B}.Release|x86.Build.0 = Release|Any CPU
		{C8E237FA-C4AA-4BAD-927B-08AE2CF7E9A5}.Ad-Hoc|Any CPU.ActiveCfg = Debug|Any CPU
		{C8E237FA-C4AA-4BAD-927B-08AE2CF7E9A5}.Ad-Hoc|Any CPU.Build.0 = Debug|Any CPU
		{C8E237FA-C4AA-4BAD-927B-08AE2CF7E9A5}.Ad-Hoc|ARM.ActiveCfg = Debug|Any CPU
		{C8E237FA-C4AA-4BAD-927B-08AE2CF7E9A5}.Ad-Hoc|ARM.Build.0 = Debug|Any CPU
		{C8E237FA-C4AA-4BAD-927B-08AE2CF7E9A5}.Ad-Hoc|iPhone.ActiveCfg = Release|Any CPU
		{C8E237FA-C4AA-4BAD-927B-08AE2CF7E9A5}.Ad-Hoc|iPhone.Build.0 = Release|Any CPU
		{C8E237FA-C4AA-4BAD-927B-08AE2CF7E9A5}.Ad-Hoc|iPhoneSimulator.ActiveCfg = Debug|Any CPU
		{C8E237FA-C4AA-4BAD-927B-08AE2CF7E9A5}.Ad-Hoc|iPhoneSimulator.Build.0 = Debug|Any CPU
		{C8E237FA-C4AA-4BAD-927B-08AE2CF7E9A5}.Ad-Hoc|x64.ActiveCfg = Debug|Any CPU
		{C8E237FA-C4AA-4BAD-927B-08AE2CF7E9A5}.Ad-Hoc|x64.Build.0 = Debug|Any CPU
		{C8E237FA-C4AA-4BAD-927B-08AE2CF7E9A5}.Ad-Hoc|x86.ActiveCfg = Debug|Any CPU
		{C8E237FA-C4AA-4BAD-927B-08AE2CF7E9A5}.Ad-Hoc|x86.Build.0 = Debug|Any CPU
		{C8E237FA-C4AA-4BAD-927B-08AE2CF7E9A5}.AppStore|Any CPU.ActiveCfg = Debug|Any CPU
		{C8E237FA-C4AA-4BAD-927B-08AE2CF7E9A5}.AppStore|Any CPU.Build.0 = Debug|Any CPU
		{C8E237FA-C4AA-4BAD-927B-08AE2CF7E9A5}.AppStore|ARM.ActiveCfg = Debug|Any CPU
		{C8E237FA-C4AA-4BAD-927B-08AE2CF7E9A5}.AppStore|ARM.Build.0 = Debug|Any CPU
		{C8E237FA-C4AA-4BAD-927B-08AE2CF7E9A5}.AppStore|iPhone.ActiveCfg = Release|Any CPU
		{C8E237FA-C4AA-4BAD-927B-08AE2CF7E9A5}.AppStore|iPhone.Build.0 = Release|Any CPU
		{C8E237FA-C4AA-4BAD-927B-08AE2CF7E9A5}.AppStore|iPhoneSimulator.ActiveCfg = Debug|Any CPU
		{C8E237FA-C4AA-4BAD-927B-08AE2CF7E9A5}.AppStore|iPhoneSimulator.Build.0 = Debug|Any CPU
		{C8E237FA-C4AA-4BAD-927B-08AE2CF7E9A5}.AppStore|x64.ActiveCfg = Debug|Any CPU
		{C8E237FA-C4AA-4BAD-927B-08AE2CF7E9A5}.AppStore|x64.Build.0 = Debug|Any CPU
		{C8E237FA-C4AA-4BAD-927B-08AE2CF7E9A5}.AppStore|x86.ActiveCfg = Debug|Any CPU
		{C8E237FA-C4AA-4BAD-927B-08AE2CF7E9A5}.AppStore|x86.Build.0 = Debug|Any CPU
		{C8E237FA-C4AA-4BAD-927B-08AE2CF7E9A5}.Debug|Any CPU.ActiveCfg = Debug|Any CPU
		{C8E237FA-C4AA-4BAD-927B-08AE2CF7E9A5}.Debug|Any CPU.Build.0 = Debug|Any CPU
		{C8E237FA-C4AA-4BAD-927B-08AE2CF7E9A5}.Debug|ARM.ActiveCfg = Debug|Any CPU
		{C8E237FA-C4AA-4BAD-927B-08AE2CF7E9A5}.Debug|ARM.Build.0 = Debug|Any CPU
		{C8E237FA-C4AA-4BAD-927B-08AE2CF7E9A5}.Debug|iPhone.ActiveCfg = Debug|Any CPU
		{C8E237FA-C4AA-4BAD-927B-08AE2CF7E9A5}.Debug|iPhone.Build.0 = Debug|Any CPU
		{C8E237FA-C4AA-4BAD-927B-08AE2CF7E9A5}.Debug|iPhoneSimulator.ActiveCfg = Debug|Any CPU
		{C8E237FA-C4AA-4BAD-927B-08AE2CF7E9A5}.Debug|iPhoneSimulator.Build.0 = Debug|Any CPU
		{C8E237FA-C4AA-4BAD-927B-08AE2CF7E9A5}.Debug|x64.ActiveCfg = Debug|Any CPU
		{C8E237FA-C4AA-4BAD-927B-08AE2CF7E9A5}.Debug|x64.Build.0 = Debug|Any CPU
		{C8E237FA-C4AA-4BAD-927B-08AE2CF7E9A5}.Debug|x86.ActiveCfg = Debug|Any CPU
		{C8E237FA-C4AA-4BAD-927B-08AE2CF7E9A5}.Debug|x86.Build.0 = Debug|Any CPU
		{C8E237FA-C4AA-4BAD-927B-08AE2CF7E9A5}.Release|Any CPU.ActiveCfg = Release|Any CPU
		{C8E237FA-C4AA-4BAD-927B-08AE2CF7E9A5}.Release|Any CPU.Build.0 = Release|Any CPU
		{C8E237FA-C4AA-4BAD-927B-08AE2CF7E9A5}.Release|ARM.ActiveCfg = Release|Any CPU
		{C8E237FA-C4AA-4BAD-927B-08AE2CF7E9A5}.Release|ARM.Build.0 = Release|Any CPU
		{C8E237FA-C4AA-4BAD-927B-08AE2CF7E9A5}.Release|iPhone.ActiveCfg = Release|Any CPU
		{C8E237FA-C4AA-4BAD-927B-08AE2CF7E9A5}.Release|iPhone.Build.0 = Release|Any CPU
		{C8E237FA-C4AA-4BAD-927B-08AE2CF7E9A5}.Release|iPhoneSimulator.ActiveCfg = Release|Any CPU
		{C8E237FA-C4AA-4BAD-927B-08AE2CF7E9A5}.Release|iPhoneSimulator.Build.0 = Release|Any CPU
		{C8E237FA-C4AA-4BAD-927B-08AE2CF7E9A5}.Release|x64.ActiveCfg = Release|Any CPU
		{C8E237FA-C4AA-4BAD-927B-08AE2CF7E9A5}.Release|x64.Build.0 = Release|Any CPU
		{C8E237FA-C4AA-4BAD-927B-08AE2CF7E9A5}.Release|x86.ActiveCfg = Release|Any CPU
		{C8E237FA-C4AA-4BAD-927B-08AE2CF7E9A5}.Release|x86.Build.0 = Release|Any CPU
		{6BD6F2F2-61BD-43B5-82FB-35A3F8E770B7}.Ad-Hoc|Any CPU.ActiveCfg = Debug|Any CPU
		{6BD6F2F2-61BD-43B5-82FB-35A3F8E770B7}.Ad-Hoc|Any CPU.Build.0 = Debug|Any CPU
		{6BD6F2F2-61BD-43B5-82FB-35A3F8E770B7}.Ad-Hoc|ARM.ActiveCfg = Debug|Any CPU
		{6BD6F2F2-61BD-43B5-82FB-35A3F8E770B7}.Ad-Hoc|ARM.Build.0 = Debug|Any CPU
		{6BD6F2F2-61BD-43B5-82FB-35A3F8E770B7}.Ad-Hoc|iPhone.ActiveCfg = Release|Any CPU
		{6BD6F2F2-61BD-43B5-82FB-35A3F8E770B7}.Ad-Hoc|iPhone.Build.0 = Release|Any CPU
		{6BD6F2F2-61BD-43B5-82FB-35A3F8E770B7}.Ad-Hoc|iPhoneSimulator.ActiveCfg = Debug|Any CPU
		{6BD6F2F2-61BD-43B5-82FB-35A3F8E770B7}.Ad-Hoc|iPhoneSimulator.Build.0 = Debug|Any CPU
		{6BD6F2F2-61BD-43B5-82FB-35A3F8E770B7}.Ad-Hoc|x64.ActiveCfg = Debug|Any CPU
		{6BD6F2F2-61BD-43B5-82FB-35A3F8E770B7}.Ad-Hoc|x64.Build.0 = Debug|Any CPU
		{6BD6F2F2-61BD-43B5-82FB-35A3F8E770B7}.Ad-Hoc|x86.ActiveCfg = Debug|Any CPU
		{6BD6F2F2-61BD-43B5-82FB-35A3F8E770B7}.Ad-Hoc|x86.Build.0 = Debug|Any CPU
		{6BD6F2F2-61BD-43B5-82FB-35A3F8E770B7}.AppStore|Any CPU.ActiveCfg = Debug|Any CPU
		{6BD6F2F2-61BD-43B5-82FB-35A3F8E770B7}.AppStore|Any CPU.Build.0 = Debug|Any CPU
		{6BD6F2F2-61BD-43B5-82FB-35A3F8E770B7}.AppStore|ARM.ActiveCfg = Debug|Any CPU
		{6BD6F2F2-61BD-43B5-82FB-35A3F8E770B7}.AppStore|ARM.Build.0 = Debug|Any CPU
		{6BD6F2F2-61BD-43B5-82FB-35A3F8E770B7}.AppStore|iPhone.ActiveCfg = Release|Any CPU
		{6BD6F2F2-61BD-43B5-82FB-35A3F8E770B7}.AppStore|iPhone.Build.0 = Release|Any CPU
		{6BD6F2F2-61BD-43B5-82FB-35A3F8E770B7}.AppStore|iPhoneSimulator.ActiveCfg = Debug|Any CPU
		{6BD6F2F2-61BD-43B5-82FB-35A3F8E770B7}.AppStore|iPhoneSimulator.Build.0 = Debug|Any CPU
		{6BD6F2F2-61BD-43B5-82FB-35A3F8E770B7}.AppStore|x64.ActiveCfg = Debug|Any CPU
		{6BD6F2F2-61BD-43B5-82FB-35A3F8E770B7}.AppStore|x64.Build.0 = Debug|Any CPU
		{6BD6F2F2-61BD-43B5-82FB-35A3F8E770B7}.AppStore|x86.ActiveCfg = Debug|Any CPU
		{6BD6F2F2-61BD-43B5-82FB-35A3F8E770B7}.AppStore|x86.Build.0 = Debug|Any CPU
		{6BD6F2F2-61BD-43B5-82FB-35A3F8E770B7}.Debug|Any CPU.ActiveCfg = Debug|Any CPU
		{6BD6F2F2-61BD-43B5-82FB-35A3F8E770B7}.Debug|Any CPU.Build.0 = Debug|Any CPU
		{6BD6F2F2-61BD-43B5-82FB-35A3F8E770B7}.Debug|ARM.ActiveCfg = Debug|Any CPU
		{6BD6F2F2-61BD-43B5-82FB-35A3F8E770B7}.Debug|ARM.Build.0 = Debug|Any CPU
		{6BD6F2F2-61BD-43B5-82FB-35A3F8E770B7}.Debug|iPhone.ActiveCfg = Debug|Any CPU
		{6BD6F2F2-61BD-43B5-82FB-35A3F8E770B7}.Debug|iPhone.Build.0 = Debug|Any CPU
		{6BD6F2F2-61BD-43B5-82FB-35A3F8E770B7}.Debug|iPhoneSimulator.ActiveCfg = Debug|Any CPU
		{6BD6F2F2-61BD-43B5-82FB-35A3F8E770B7}.Debug|iPhoneSimulator.Build.0 = Debug|Any CPU
		{6BD6F2F2-61BD-43B5-82FB-35A3F8E770B7}.Debug|x64.ActiveCfg = Debug|Any CPU
		{6BD6F2F2-61BD-43B5-82FB-35A3F8E770B7}.Debug|x64.Build.0 = Debug|Any CPU
		{6BD6F2F2-61BD-43B5-82FB-35A3F8E770B7}.Debug|x86.ActiveCfg = Debug|Any CPU
		{6BD6F2F2-61BD-43B5-82FB-35A3F8E770B7}.Debug|x86.Build.0 = Debug|Any CPU
		{6BD6F2F2-61BD-43B5-82FB-35A3F8E770B7}.Release|Any CPU.ActiveCfg = Release|Any CPU
		{6BD6F2F2-61BD-43B5-82FB-35A3F8E770B7}.Release|Any CPU.Build.0 = Release|Any CPU
		{6BD6F2F2-61BD-43B5-82FB-35A3F8E770B7}.Release|ARM.ActiveCfg = Release|Any CPU
		{6BD6F2F2-61BD-43B5-82FB-35A3F8E770B7}.Release|ARM.Build.0 = Release|Any CPU
		{6BD6F2F2-61BD-43B5-82FB-35A3F8E770B7}.Release|iPhone.ActiveCfg = Release|Any CPU
		{6BD6F2F2-61BD-43B5-82FB-35A3F8E770B7}.Release|iPhone.Build.0 = Release|Any CPU
		{6BD6F2F2-61BD-43B5-82FB-35A3F8E770B7}.Release|iPhoneSimulator.ActiveCfg = Release|Any CPU
		{6BD6F2F2-61BD-43B5-82FB-35A3F8E770B7}.Release|iPhoneSimulator.Build.0 = Release|Any CPU
		{6BD6F2F2-61BD-43B5-82FB-35A3F8E770B7}.Release|x64.ActiveCfg = Release|Any CPU
		{6BD6F2F2-61BD-43B5-82FB-35A3F8E770B7}.Release|x64.Build.0 = Release|Any CPU
		{6BD6F2F2-61BD-43B5-82FB-35A3F8E770B7}.Release|x86.ActiveCfg = Release|Any CPU
		{6BD6F2F2-61BD-43B5-82FB-35A3F8E770B7}.Release|x86.Build.0 = Release|Any CPU
		{65CD5876-008A-4785-A496-685E97DF2332}.Ad-Hoc|Any CPU.ActiveCfg = Release|Any CPU
		{65CD5876-008A-4785-A496-685E97DF2332}.Ad-Hoc|Any CPU.Build.0 = Release|Any CPU
		{65CD5876-008A-4785-A496-685E97DF2332}.Ad-Hoc|ARM.ActiveCfg = Release|Any CPU
		{65CD5876-008A-4785-A496-685E97DF2332}.Ad-Hoc|ARM.Build.0 = Release|Any CPU
		{65CD5876-008A-4785-A496-685E97DF2332}.Ad-Hoc|iPhone.ActiveCfg = Release|Any CPU
		{65CD5876-008A-4785-A496-685E97DF2332}.Ad-Hoc|iPhone.Build.0 = Release|Any CPU
		{65CD5876-008A-4785-A496-685E97DF2332}.Ad-Hoc|iPhoneSimulator.ActiveCfg = Release|Any CPU
		{65CD5876-008A-4785-A496-685E97DF2332}.Ad-Hoc|iPhoneSimulator.Build.0 = Release|Any CPU
		{65CD5876-008A-4785-A496-685E97DF2332}.Ad-Hoc|x64.ActiveCfg = Release|Any CPU
		{65CD5876-008A-4785-A496-685E97DF2332}.Ad-Hoc|x64.Build.0 = Release|Any CPU
		{65CD5876-008A-4785-A496-685E97DF2332}.Ad-Hoc|x86.ActiveCfg = Release|Any CPU
		{65CD5876-008A-4785-A496-685E97DF2332}.Ad-Hoc|x86.Build.0 = Release|Any CPU
		{65CD5876-008A-4785-A496-685E97DF2332}.AppStore|Any CPU.ActiveCfg = Release|Any CPU
		{65CD5876-008A-4785-A496-685E97DF2332}.AppStore|Any CPU.Build.0 = Release|Any CPU
		{65CD5876-008A-4785-A496-685E97DF2332}.AppStore|ARM.ActiveCfg = Release|Any CPU
		{65CD5876-008A-4785-A496-685E97DF2332}.AppStore|ARM.Build.0 = Release|Any CPU
		{65CD5876-008A-4785-A496-685E97DF2332}.AppStore|iPhone.ActiveCfg = Release|Any CPU
		{65CD5876-008A-4785-A496-685E97DF2332}.AppStore|iPhone.Build.0 = Release|Any CPU
		{65CD5876-008A-4785-A496-685E97DF2332}.AppStore|iPhoneSimulator.ActiveCfg = Release|Any CPU
		{65CD5876-008A-4785-A496-685E97DF2332}.AppStore|iPhoneSimulator.Build.0 = Release|Any CPU
		{65CD5876-008A-4785-A496-685E97DF2332}.AppStore|x64.ActiveCfg = Release|Any CPU
		{65CD5876-008A-4785-A496-685E97DF2332}.AppStore|x64.Build.0 = Release|Any CPU
		{65CD5876-008A-4785-A496-685E97DF2332}.AppStore|x86.ActiveCfg = Release|Any CPU
		{65CD5876-008A-4785-A496-685E97DF2332}.AppStore|x86.Build.0 = Release|Any CPU
		{65CD5876-008A-4785-A496-685E97DF2332}.Debug|Any CPU.ActiveCfg = Debug|Any CPU
		{65CD5876-008A-4785-A496-685E97DF2332}.Debug|Any CPU.Build.0 = Debug|Any CPU
		{65CD5876-008A-4785-A496-685E97DF2332}.Debug|ARM.ActiveCfg = Debug|Any CPU
		{65CD5876-008A-4785-A496-685E97DF2332}.Debug|ARM.Build.0 = Debug|Any CPU
		{65CD5876-008A-4785-A496-685E97DF2332}.Debug|iPhone.ActiveCfg = Debug|Any CPU
		{65CD5876-008A-4785-A496-685E97DF2332}.Debug|iPhone.Build.0 = Debug|Any CPU
		{65CD5876-008A-4785-A496-685E97DF2332}.Debug|iPhoneSimulator.ActiveCfg = Debug|Any CPU
		{65CD5876-008A-4785-A496-685E97DF2332}.Debug|iPhoneSimulator.Build.0 = Debug|Any CPU
		{65CD5876-008A-4785-A496-685E97DF2332}.Debug|x64.ActiveCfg = Debug|Any CPU
		{65CD5876-008A-4785-A496-685E97DF2332}.Debug|x64.Build.0 = Debug|Any CPU
		{65CD5876-008A-4785-A496-685E97DF2332}.Debug|x86.ActiveCfg = Debug|Any CPU
		{65CD5876-008A-4785-A496-685E97DF2332}.Debug|x86.Build.0 = Debug|Any CPU
		{65CD5876-008A-4785-A496-685E97DF2332}.Release|Any CPU.ActiveCfg = Release|Any CPU
		{65CD5876-008A-4785-A496-685E97DF2332}.Release|Any CPU.Build.0 = Release|Any CPU
		{65CD5876-008A-4785-A496-685E97DF2332}.Release|ARM.ActiveCfg = Release|Any CPU
		{65CD5876-008A-4785-A496-685E97DF2332}.Release|ARM.Build.0 = Release|Any CPU
		{65CD5876-008A-4785-A496-685E97DF2332}.Release|iPhone.ActiveCfg = Release|Any CPU
		{65CD5876-008A-4785-A496-685E97DF2332}.Release|iPhone.Build.0 = Release|Any CPU
		{65CD5876-008A-4785-A496-685E97DF2332}.Release|iPhoneSimulator.ActiveCfg = Release|Any CPU
		{65CD5876-008A-4785-A496-685E97DF2332}.Release|iPhoneSimulator.Build.0 = Release|Any CPU
		{65CD5876-008A-4785-A496-685E97DF2332}.Release|x64.ActiveCfg = Release|Any CPU
		{65CD5876-008A-4785-A496-685E97DF2332}.Release|x64.Build.0 = Release|Any CPU
		{65CD5876-008A-4785-A496-685E97DF2332}.Release|x86.ActiveCfg = Release|Any CPU
		{65CD5876-008A-4785-A496-685E97DF2332}.Release|x86.Build.0 = Release|Any CPU
		{947B95CA-E274-4900-8B1A-76B2DEA07592}.Ad-Hoc|Any CPU.ActiveCfg = Ad-Hoc|iPhone
		{947B95CA-E274-4900-8B1A-76B2DEA07592}.Ad-Hoc|Any CPU.Build.0 = Ad-Hoc|iPhone
		{947B95CA-E274-4900-8B1A-76B2DEA07592}.Ad-Hoc|ARM.ActiveCfg = Ad-Hoc|iPhone
		{947B95CA-E274-4900-8B1A-76B2DEA07592}.Ad-Hoc|ARM.Build.0 = Ad-Hoc|iPhone
		{947B95CA-E274-4900-8B1A-76B2DEA07592}.Ad-Hoc|iPhone.ActiveCfg = Ad-Hoc|iPhone
		{947B95CA-E274-4900-8B1A-76B2DEA07592}.Ad-Hoc|iPhone.Build.0 = Ad-Hoc|iPhone
		{947B95CA-E274-4900-8B1A-76B2DEA07592}.Ad-Hoc|iPhoneSimulator.ActiveCfg = Debug|iPhoneSimulator
		{947B95CA-E274-4900-8B1A-76B2DEA07592}.Ad-Hoc|iPhoneSimulator.Build.0 = Debug|iPhoneSimulator
		{947B95CA-E274-4900-8B1A-76B2DEA07592}.Ad-Hoc|x64.ActiveCfg = Ad-Hoc|iPhone
		{947B95CA-E274-4900-8B1A-76B2DEA07592}.Ad-Hoc|x64.Build.0 = Ad-Hoc|iPhone
		{947B95CA-E274-4900-8B1A-76B2DEA07592}.Ad-Hoc|x86.ActiveCfg = Ad-Hoc|iPhone
		{947B95CA-E274-4900-8B1A-76B2DEA07592}.Ad-Hoc|x86.Build.0 = Ad-Hoc|iPhone
		{947B95CA-E274-4900-8B1A-76B2DEA07592}.AppStore|Any CPU.ActiveCfg = AppStore|iPhone
		{947B95CA-E274-4900-8B1A-76B2DEA07592}.AppStore|Any CPU.Build.0 = AppStore|iPhone
		{947B95CA-E274-4900-8B1A-76B2DEA07592}.AppStore|ARM.ActiveCfg = AppStore|iPhone
		{947B95CA-E274-4900-8B1A-76B2DEA07592}.AppStore|ARM.Build.0 = AppStore|iPhone
		{947B95CA-E274-4900-8B1A-76B2DEA07592}.AppStore|iPhone.ActiveCfg = AppStore|iPhone
		{947B95CA-E274-4900-8B1A-76B2DEA07592}.AppStore|iPhone.Build.0 = AppStore|iPhone
		{947B95CA-E274-4900-8B1A-76B2DEA07592}.AppStore|iPhoneSimulator.ActiveCfg = Debug|iPhoneSimulator
		{947B95CA-E274-4900-8B1A-76B2DEA07592}.AppStore|iPhoneSimulator.Build.0 = Debug|iPhoneSimulator
		{947B95CA-E274-4900-8B1A-76B2DEA07592}.AppStore|x64.ActiveCfg = AppStore|iPhone
		{947B95CA-E274-4900-8B1A-76B2DEA07592}.AppStore|x64.Build.0 = AppStore|iPhone
		{947B95CA-E274-4900-8B1A-76B2DEA07592}.AppStore|x86.ActiveCfg = AppStore|iPhone
		{947B95CA-E274-4900-8B1A-76B2DEA07592}.AppStore|x86.Build.0 = AppStore|iPhone
		{947B95CA-E274-4900-8B1A-76B2DEA07592}.Debug|Any CPU.ActiveCfg = Debug|iPhoneSimulator
		{947B95CA-E274-4900-8B1A-76B2DEA07592}.Debug|Any CPU.Build.0 = Debug|iPhoneSimulator
		{947B95CA-E274-4900-8B1A-76B2DEA07592}.Debug|ARM.ActiveCfg = Debug|iPhoneSimulator
		{947B95CA-E274-4900-8B1A-76B2DEA07592}.Debug|ARM.Build.0 = Debug|iPhoneSimulator
		{947B95CA-E274-4900-8B1A-76B2DEA07592}.Debug|iPhone.ActiveCfg = Debug|iPhone
		{947B95CA-E274-4900-8B1A-76B2DEA07592}.Debug|iPhone.Build.0 = Debug|iPhone
		{947B95CA-E274-4900-8B1A-76B2DEA07592}.Debug|iPhoneSimulator.ActiveCfg = Debug|iPhoneSimulator
		{947B95CA-E274-4900-8B1A-76B2DEA07592}.Debug|iPhoneSimulator.Build.0 = Debug|iPhoneSimulator
		{947B95CA-E274-4900-8B1A-76B2DEA07592}.Debug|x64.ActiveCfg = Debug|iPhoneSimulator
		{947B95CA-E274-4900-8B1A-76B2DEA07592}.Debug|x64.Build.0 = Debug|iPhoneSimulator
		{947B95CA-E274-4900-8B1A-76B2DEA07592}.Debug|x86.ActiveCfg = Debug|iPhoneSimulator
		{947B95CA-E274-4900-8B1A-76B2DEA07592}.Debug|x86.Build.0 = Debug|iPhoneSimulator
		{947B95CA-E274-4900-8B1A-76B2DEA07592}.Release|Any CPU.ActiveCfg = Release|iPhoneSimulator
		{947B95CA-E274-4900-8B1A-76B2DEA07592}.Release|Any CPU.Build.0 = Release|iPhoneSimulator
		{947B95CA-E274-4900-8B1A-76B2DEA07592}.Release|ARM.ActiveCfg = Release|iPhoneSimulator
		{947B95CA-E274-4900-8B1A-76B2DEA07592}.Release|ARM.Build.0 = Release|iPhoneSimulator
		{947B95CA-E274-4900-8B1A-76B2DEA07592}.Release|iPhone.ActiveCfg = Release|iPhone
		{947B95CA-E274-4900-8B1A-76B2DEA07592}.Release|iPhone.Build.0 = Release|iPhone
		{947B95CA-E274-4900-8B1A-76B2DEA07592}.Release|iPhoneSimulator.ActiveCfg = Release|iPhoneSimulator
		{947B95CA-E274-4900-8B1A-76B2DEA07592}.Release|iPhoneSimulator.Build.0 = Release|iPhoneSimulator
		{947B95CA-E274-4900-8B1A-76B2DEA07592}.Release|x64.ActiveCfg = Release|iPhoneSimulator
		{947B95CA-E274-4900-8B1A-76B2DEA07592}.Release|x64.Build.0 = Release|iPhoneSimulator
		{947B95CA-E274-4900-8B1A-76B2DEA07592}.Release|x86.ActiveCfg = Release|iPhoneSimulator
		{947B95CA-E274-4900-8B1A-76B2DEA07592}.Release|x86.Build.0 = Release|iPhoneSimulator
		{15AC5A3E-871C-4C64-823B-A613A86BD835}.Ad-Hoc|Any CPU.ActiveCfg = Release|Any CPU
		{15AC5A3E-871C-4C64-823B-A613A86BD835}.Ad-Hoc|Any CPU.Build.0 = Release|Any CPU
		{15AC5A3E-871C-4C64-823B-A613A86BD835}.Ad-Hoc|ARM.ActiveCfg = Release|Any CPU
		{15AC5A3E-871C-4C64-823B-A613A86BD835}.Ad-Hoc|ARM.Build.0 = Release|Any CPU
		{15AC5A3E-871C-4C64-823B-A613A86BD835}.Ad-Hoc|iPhone.ActiveCfg = Release|Any CPU
		{15AC5A3E-871C-4C64-823B-A613A86BD835}.Ad-Hoc|iPhone.Build.0 = Release|Any CPU
		{15AC5A3E-871C-4C64-823B-A613A86BD835}.Ad-Hoc|iPhoneSimulator.ActiveCfg = Release|Any CPU
		{15AC5A3E-871C-4C64-823B-A613A86BD835}.Ad-Hoc|iPhoneSimulator.Build.0 = Release|Any CPU
		{15AC5A3E-871C-4C64-823B-A613A86BD835}.Ad-Hoc|x64.ActiveCfg = Release|Any CPU
		{15AC5A3E-871C-4C64-823B-A613A86BD835}.Ad-Hoc|x64.Build.0 = Release|Any CPU
		{15AC5A3E-871C-4C64-823B-A613A86BD835}.Ad-Hoc|x86.ActiveCfg = Release|Any CPU
		{15AC5A3E-871C-4C64-823B-A613A86BD835}.Ad-Hoc|x86.Build.0 = Release|Any CPU
		{15AC5A3E-871C-4C64-823B-A613A86BD835}.AppStore|Any CPU.ActiveCfg = Release|Any CPU
		{15AC5A3E-871C-4C64-823B-A613A86BD835}.AppStore|Any CPU.Build.0 = Release|Any CPU
		{15AC5A3E-871C-4C64-823B-A613A86BD835}.AppStore|ARM.ActiveCfg = Release|Any CPU
		{15AC5A3E-871C-4C64-823B-A613A86BD835}.AppStore|ARM.Build.0 = Release|Any CPU
		{15AC5A3E-871C-4C64-823B-A613A86BD835}.AppStore|iPhone.ActiveCfg = Release|Any CPU
		{15AC5A3E-871C-4C64-823B-A613A86BD835}.AppStore|iPhone.Build.0 = Release|Any CPU
		{15AC5A3E-871C-4C64-823B-A613A86BD835}.AppStore|iPhoneSimulator.ActiveCfg = Release|Any CPU
		{15AC5A3E-871C-4C64-823B-A613A86BD835}.AppStore|iPhoneSimulator.Build.0 = Release|Any CPU
		{15AC5A3E-871C-4C64-823B-A613A86BD835}.AppStore|x64.ActiveCfg = Release|Any CPU
		{15AC5A3E-871C-4C64-823B-A613A86BD835}.AppStore|x64.Build.0 = Release|Any CPU
		{15AC5A3E-871C-4C64-823B-A613A86BD835}.AppStore|x86.ActiveCfg = Release|Any CPU
		{15AC5A3E-871C-4C64-823B-A613A86BD835}.AppStore|x86.Build.0 = Release|Any CPU
		{15AC5A3E-871C-4C64-823B-A613A86BD835}.Debug|Any CPU.ActiveCfg = Debug|Any CPU
		{15AC5A3E-871C-4C64-823B-A613A86BD835}.Debug|Any CPU.Build.0 = Debug|Any CPU
		{15AC5A3E-871C-4C64-823B-A613A86BD835}.Debug|ARM.ActiveCfg = Debug|Any CPU
		{15AC5A3E-871C-4C64-823B-A613A86BD835}.Debug|ARM.Build.0 = Debug|Any CPU
		{15AC5A3E-871C-4C64-823B-A613A86BD835}.Debug|iPhone.ActiveCfg = Debug|Any CPU
		{15AC5A3E-871C-4C64-823B-A613A86BD835}.Debug|iPhone.Build.0 = Debug|Any CPU
		{15AC5A3E-871C-4C64-823B-A613A86BD835}.Debug|iPhoneSimulator.ActiveCfg = Debug|Any CPU
		{15AC5A3E-871C-4C64-823B-A613A86BD835}.Debug|iPhoneSimulator.Build.0 = Debug|Any CPU
		{15AC5A3E-871C-4C64-823B-A613A86BD835}.Debug|x64.ActiveCfg = Debug|Any CPU
		{15AC5A3E-871C-4C64-823B-A613A86BD835}.Debug|x64.Build.0 = Debug|Any CPU
		{15AC5A3E-871C-4C64-823B-A613A86BD835}.Debug|x86.ActiveCfg = Debug|Any CPU
		{15AC5A3E-871C-4C64-823B-A613A86BD835}.Debug|x86.Build.0 = Debug|Any CPU
		{15AC5A3E-871C-4C64-823B-A613A86BD835}.Release|Any CPU.ActiveCfg = Release|Any CPU
		{15AC5A3E-871C-4C64-823B-A613A86BD835}.Release|Any CPU.Build.0 = Release|Any CPU
		{15AC5A3E-871C-4C64-823B-A613A86BD835}.Release|ARM.ActiveCfg = Release|Any CPU
		{15AC5A3E-871C-4C64-823B-A613A86BD835}.Release|ARM.Build.0 = Release|Any CPU
		{15AC5A3E-871C-4C64-823B-A613A86BD835}.Release|iPhone.ActiveCfg = Release|Any CPU
		{15AC5A3E-871C-4C64-823B-A613A86BD835}.Release|iPhone.Build.0 = Release|Any CPU
		{15AC5A3E-871C-4C64-823B-A613A86BD835}.Release|iPhoneSimulator.ActiveCfg = Release|Any CPU
		{15AC5A3E-871C-4C64-823B-A613A86BD835}.Release|iPhoneSimulator.Build.0 = Release|Any CPU
		{15AC5A3E-871C-4C64-823B-A613A86BD835}.Release|x64.ActiveCfg = Release|Any CPU
		{15AC5A3E-871C-4C64-823B-A613A86BD835}.Release|x64.Build.0 = Release|Any CPU
		{15AC5A3E-871C-4C64-823B-A613A86BD835}.Release|x86.ActiveCfg = Release|Any CPU
		{15AC5A3E-871C-4C64-823B-A613A86BD835}.Release|x86.Build.0 = Release|Any CPU
	EndGlobalSection
	GlobalSection(SolutionProperties) = preSolution
		HideSolutionNode = FALSE
	EndGlobalSection
	GlobalSection(NestedProjects) = preSolution
		{C8E237FA-C4AA-4BAD-927B-08AE2CF7E9A5} = {8070FDB5-93AF-41B3-A4CE-549764C1311D}
		{6BD6F2F2-61BD-43B5-82FB-35A3F8E770B7} = {8070FDB5-93AF-41B3-A4CE-549764C1311D}
		{65CD5876-008A-4785-A496-685E97DF2332} = {F8AEFABC-D187-4DEA-834E-16CCD6ACF2B8}
		{947B95CA-E274-4900-8B1A-76B2DEA07592} = {F8AEFABC-D187-4DEA-834E-16CCD6ACF2B8}
		{15AC5A3E-871C-4C64-823B-A613A86BD835} = {F8AEFABC-D187-4DEA-834E-16CCD6ACF2B8}
	EndGlobalSection
EndGlobal
